{
  "pid": 39003,
  "startedAt": "2026-03-12T18:40:37.083Z",
  "unitType": "execute-task",
  "unitId": "M001/S09/T10",
  "unitStartedAt": "2026-03-12T18:40:37.083Z",
  "completedUnits": 10,
  "sessionFile": "/Users/djbeatbug/.gsd/sessions/--Users-djbeatbug-RoadToMillion-PolicyFoundry--/2026-03-12T18-40-37-083Z_3bfebbb1-4831-435b-ae24-fb236ce0ca71.jsonl"
}