{
  "pid": 39003,
  "startedAt": "2026-03-12T18:21:42.142Z",
  "unitType": "execute-task",
  "unitId": "M001/S09/T08",
  "unitStartedAt": "2026-03-12T18:21:42.142Z",
  "completedUnits": 8,
  "sessionFile": "/Users/djbeatbug/.gsd/sessions/--Users-djbeatbug-RoadToMillion-PolicyFoundry--/2026-03-12T18-21-42-141Z_288d9b1d-35f9-4b76-91b9-db68883189f3.jsonl"
}